
Microsoft Visual Studio Solution File, Format Version 12.00
# Visual Studio Version 16
VisualStudioVersion = 16.0.30404.54
MinimumVisualStudioVersion = 10.0.40219.1
Project("{9A19103F-16F7-4668-BE54-9A1E7A4F7556}") = "NXCare.API", "NXCare.API\NXCare.API.csproj", "{CE728E67-F3E5-485C-AB16-4C7A46B31996}"
EndProject
Project("{9A19103F-16F7-4668-BE54-9A1E7A4F7556}") = "NXCare.Client", "NXCare.Client\NXCare.Client.csproj", "{BBE7AA52-4657-4576-ACB0-C16C0F0C3ED2}"
EndProject
Project("{9A19103F-16F7-4668-BE54-9A1E7A4F7556}") = "NXCare.Domain", "NXCare.Domain\NXCare.Domain.csproj", "{EEBACF69-A5D0-46BE-BFF9-005AF3A18A90}"
EndProject
Project("{9A19103F-16F7-4668-BE54-9A1E7A4F7556}") = "NXCare.Data", "NXCare.Data\NXCare.Data.csproj", "{A6B8BD12-F9C7-44D8-B1D3-25E1B2F1AE10}"
EndProject
Project("{9A19103F-16F7-4668-BE54-9A1E7A4F7556}") = "NXCare.Services", "NXCare.Services\NXCare.Services.csproj", "{3E22FB29-3A00-4D42-9372-1A05C6F47177}"
EndProject
Project("{00D1A9C2-B5F0-4AF3-8072-F6C62B433612}") = "NXCare.Sql", "NXCare.Sql\NXCare.Sql.sqlproj", "{898D0A72-AC9D-4EC9-B4D7-EF0552D30F21}"
EndProject
Global
	GlobalSection(SolutionConfigurationPlatforms) = preSolution
		Debug|Any CPU = Debug|Any CPU
		Release|Any CPU = Release|Any CPU
	EndGlobalSection
	GlobalSection(ProjectConfigurationPlatforms) = postSolution
		{CE728E67-F3E5-485C-AB16-4C7A46B31996}.Debug|Any CPU.ActiveCfg = Debug|Any CPU
		{CE728E67-F3E5-485C-AB16-4C7A46B31996}.Debug|Any CPU.Build.0 = Debug|Any CPU
		{CE728E67-F3E5-485C-AB16-4C7A46B31996}.Release|Any CPU.ActiveCfg = Release|Any CPU
		{CE728E67-F3E5-485C-AB16-4C7A46B31996}.Release|Any CPU.Build.0 = Release|Any CPU
		{BBE7AA52-4657-4576-ACB0-C16C0F0C3ED2}.Debug|Any CPU.ActiveCfg = Debug|Any CPU
		{BBE7AA52-4657-4576-ACB0-C16C0F0C3ED2}.Debug|Any CPU.Build.0 = Debug|Any CPU
		{BBE7AA52-4657-4576-ACB0-C16C0F0C3ED2}.Release|Any CPU.ActiveCfg = Release|Any CPU
		{BBE7AA52-4657-4576-ACB0-C16C0F0C3ED2}.Release|Any CPU.Build.0 = Release|Any CPU
		{EEBACF69-A5D0-46BE-BFF9-005AF3A18A90}.Debug|Any CPU.ActiveCfg = Debug|Any CPU
		{EEBACF69-A5D0-46BE-BFF9-005AF3A18A90}.Debug|Any CPU.Build.0 = Debug|Any CPU
		{EEBACF69-A5D0-46BE-BFF9-005AF3A18A90}.Release|Any CPU.ActiveCfg = Release|Any CPU
		{EEBACF69-A5D0-46BE-BFF9-005AF3A18A90}.Release|Any CPU.Build.0 = Release|Any CPU
		{A6B8BD12-F9C7-44D8-B1D3-25E1B2F1AE10}.Debug|Any CPU.ActiveCfg = Debug|Any CPU
		{A6B8BD12-F9C7-44D8-B1D3-25E1B2F1AE10}.Debug|Any CPU.Build.0 = Debug|Any CPU
		{A6B8BD12-F9C7-44D8-B1D3-25E1B2F1AE10}.Release|Any CPU.ActiveCfg = Release|Any CPU
		{A6B8BD12-F9C7-44D8-B1D3-25E1B2F1AE10}.Release|Any CPU.Build.0 = Release|Any CPU
		{3E22FB29-3A00-4D42-9372-1A05C6F47177}.Debug|Any CPU.ActiveCfg = Debug|Any CPU
		{3E22FB29-3A00-4D42-9372-1A05C6F47177}.Debug|Any CPU.Build.0 = Debug|Any CPU
		{3E22FB29-3A00-4D42-9372-1A05C6F47177}.Release|Any CPU.ActiveCfg = Release|Any CPU
		{3E22FB29-3A00-4D42-9372-1A05C6F47177}.Release|Any CPU.Build.0 = Release|Any CPU
		{898D0A72-AC9D-4EC9-B4D7-EF0552D30F21}.Debug|Any CPU.ActiveCfg = Debug|Any CPU
		{898D0A72-AC9D-4EC9-B4D7-EF0552D30F21}.Debug|Any CPU.Build.0 = Debug|Any CPU
		{898D0A72-AC9D-4EC9-B4D7-EF0552D30F21}.Debug|Any CPU.Deploy.0 = Debug|Any CPU
		{898D0A72-AC9D-4EC9-B4D7-EF0552D30F21}.Release|Any CPU.ActiveCfg = Release|Any CPU
		{898D0A72-AC9D-4EC9-B4D7-EF0552D30F21}.Release|Any CPU.Build.0 = Release|Any CPU
		{898D0A72-AC9D-4EC9-B4D7-EF0552D30F21}.Release|Any CPU.Deploy.0 = Release|Any CPU
	EndGlobalSection
	GlobalSection(SolutionProperties) = preSolution
		HideSolutionNode = FALSE
	EndGlobalSection
	GlobalSection(ExtensibilityGlobals) = postSolution
		SolutionGuid = {A1619C02-0EC0-4D6D-BC63-C1A7EDB04B86}
	EndGlobalSection
EndGlobal
